
Microsoft Visual Studio Solution File, Format Version 12.00
# Visual Studio Version 16
VisualStudioVersion = 16.0.28922.388
MinimumVisualStudioVersion = 10.0.40219.1
Project("{FAE04EC0-301F-11D3-BF4B-00C04F79EFBC}") = "GreenElectric.Web", "GreenElectric.Web\GreenElectric.Web.csproj", "{C9E29D07-D26F-4839-A08F-F96F816D835F}"
EndProject
Global
	GlobalSection(SolutionConfigurationPlatforms) = preSolution
		Debug|Any CPU = Debug|Any CPU
		Release|Any CPU = Release|Any CPU
	EndGlobalSection
	GlobalSection(ProjectConfigurationPlatforms) = postSolution
		{C9E29D07-D26F-4839-A08F-F96F816D835F}.Debug|Any CPU.ActiveCfg = Debug|Any CPU
		{C9E29D07-D26F-4839-A08F-F96F816D835F}.Debug|Any CPU.Build.0 = Debug|Any CPU
		{C9E29D07-D26F-4839-A08F-F96F816D835F}.Release|Any CPU.ActiveCfg = Release|Any CPU
		{C9E29D07-D26F-4839-A08F-F96F816D835F}.Release|Any CPU.Build.0 = Release|Any CPU
	EndGlobalSection
	GlobalSection(SolutionProperties) = preSolution
		HideSolutionNode = FALSE
	EndGlobalSection
	GlobalSection(ExtensibilityGlobals) = postSolution
		SolutionGuid = {D9D5E8E6-9D39-4552-8D47-A31F6B084062}
	EndGlobalSection
EndGlobal
